<?xml version="1.0" encoding="utf-8"?>
<Project ToolsVersion="4.0" xmlns="http://schemas.microsoft.com/developer/msbuild/2003">
  <ItemGroup>
    <Filter Include="Source Files">
      <UniqueIdentifier>{4FC737F1-C7A5-4376-A066-2A32D752A2FF}</UniqueIdentifier>
      <Extensions>cpp;c;cc;cxx;def;odl;idl;hpj;bat;asm;asmx</Extensions>
    </Filter>
    <Filter Include="Source Files\hacd">
      <UniqueIdentifier>{71fe4dd2-5a38-4ab5-9c75-364f8eabc939}</UniqueIdentifier>
    </Filter>
    <Filter Include="Source Files\vhacd">
      <UniqueIdentifier>{57c636d6-ff1f-479c-a0a6-fe3b316747e4}</UniqueIdentifier>
    </Filter>
    <Filter Include="Header Files">
      <UniqueIdentifier>{93995380-89BD-4b04-88EB-625FBE52EBFB}</UniqueIdentifier>
      <Extensions>h;hpp;hxx;hm;inl;inc;xsd</Extensions>
    </Filter>
    <Filter Include="Header Files\hacd">
      <UniqueIdentifier>{7c056c0a-c4ba-46ab-bcdd-86d8c20e0524}</UniqueIdentifier>
    </Filter>
    <Filter Include="Header Files\vhacd">
      <UniqueIdentifier>{fea11e96-af79-4612-bee2-beecb32057ee}</UniqueIdentifier>
    </Filter>
    <Filter Include="Resource Files">
      <UniqueIdentifier>{67DA6AB6-F800-4c08-8B7A-83BB121AAD01}</UniqueIdentifier>
      <Extensions>rc;ico;cur;bmp;dlg;rc2;rct;bin;rgs;gif;jpg;jpeg;jpe;resx;tiff;tif;png;wav</Extensions>
    </Filter>
  </ItemGroup>
  <ItemGroup>
    <ClCompile Include="AssemblyInfo.cpp">
      <Filter>Source Files</Filter>
    </ClCompile>
    <ClCompile Include="hacd_CLI.cpp">
      <Filter>Source Files</Filter>
    </ClCompile>
    <ClCompile Include="vhacd_CLI.cpp">
      <Filter>Source Files</Filter>
    </ClCompile>
    <ClCompile Include="hacd\src\hacdGraph.cpp">
      <Filter>Source Files</Filter>
    </ClCompile>
    <ClCompile Include="hacd\src\hacdHACD.cpp">
      <Filter>Source Files</Filter>
    </ClCompile>
    <ClCompile Include="hacd\src\hacdICHull.cpp">
      <Filter>Source Files</Filter>
    </ClCompile>
    <ClCompile Include="hacd\src\hacdManifoldMesh.cpp">
      <Filter>Source Files</Filter>
    </ClCompile>
    <ClCompile Include="hacd\src\hacdMeshDecimator.cpp">
      <Filter>Source Files</Filter>
    </ClCompile>
    <ClCompile Include="hacd\src\hacdMicroAllocator.cpp">
      <Filter>Source Files</Filter>
    </ClCompile>
    <ClCompile Include="hacd\src\hacdRaycastMesh.cpp">
      <Filter>Source Files</Filter>
    </ClCompile>
    <ClCompile Include="vhacd\src\btAlignedAllocator.cpp">
      <Filter>Source Files</Filter>
    </ClCompile>
    <ClCompile Include="vhacd\src\btConvexHullComputer.cpp">
      <Filter>Source Files</Filter>
    </ClCompile>
    <ClCompile Include="vhacd\src\kdtree.c">
      <Filter>Source Files</Filter>
    </ClCompile>
    <ClCompile Include="vhacd\src\triangle.c">
      <Filter>Source Files</Filter>
    </ClCompile>
    <ClCompile Include="vhacd\src\vhacdGraph.cpp">
      <Filter>Source Files</Filter>
    </ClCompile>
    <ClCompile Include="vhacd\src\vhacdHACD.cpp">
      <Filter>Source Files</Filter>
    </ClCompile>
    <ClCompile Include="vhacd\src\vhacdMesh.cpp">
      <Filter>Source Files</Filter>
    </ClCompile>
    <ClCompile Include="vhacd\src\vhacdMeshDecimator.cpp">
      <Filter>Source Files</Filter>
    </ClCompile>
  </ItemGroup>
  <ItemGroup>
    <ClInclude Include="hacd_CLI.h">
      <Filter>Header Files</Filter>
    </ClInclude>
    <ClInclude Include="resource.h">
      <Filter>Header Files</Filter>
    </ClInclude>
    <ClInclude Include="hacd\inc\hacdCircularList.h">
      <Filter>Header Files</Filter>
    </ClInclude>
    <ClInclude Include="hacd\inc\hacdGraph.h">
      <Filter>Header Files</Filter>
    </ClInclude>
    <ClInclude Include="hacd\inc\hacdHACD.h">
      <Filter>Header Files</Filter>
    </ClInclude>
    <ClInclude Include="hacd\inc\hacdICHull.h">
      <Filter>Header Files</Filter>
    </ClInclude>
    <ClInclude Include="hacd\inc\hacdManifoldMesh.h">
      <Filter>Header Files</Filter>
    </ClInclude>
    <ClInclude Include="hacd\inc\hacdMeshDecimator.h">
      <Filter>Header Files</Filter>
    </ClInclude>
    <ClInclude Include="hacd\inc\hacdMicroAllocator.h">
      <Filter>Header Files</Filter>
    </ClInclude>
    <ClInclude Include="hacd\inc\hacdRaycastMesh.h">
      <Filter>Header Files</Filter>
    </ClInclude>
    <ClInclude Include="hacd\inc\hacdSArray.h">
      <Filter>Header Files</Filter>
    </ClInclude>
    <ClInclude Include="hacd\inc\hacdVector.h">
      <Filter>Header Files</Filter>
    </ClInclude>
    <ClInclude Include="hacd\inc\hacdVersion.h">
      <Filter>Header Files</Filter>
    </ClInclude>
    <ClInclude Include="vhacd\inc\btAlignedAllocator.h">
      <Filter>Header Files</Filter>
    </ClInclude>
    <ClInclude Include="vhacd\inc\btAlignedObjectArray.h">
      <Filter>Header Files</Filter>
    </ClInclude>
    <ClInclude Include="vhacd\inc\btConvexHullComputer.h">
      <Filter>Header Files</Filter>
    </ClInclude>
    <ClInclude Include="vhacd\inc\btMinMax.h">
      <Filter>Header Files</Filter>
    </ClInclude>
    <ClInclude Include="vhacd\inc\btScalar.h">
      <Filter>Header Files</Filter>
    </ClInclude>
    <ClInclude Include="vhacd\inc\btVector3.h">
      <Filter>Header Files</Filter>
    </ClInclude>
    <ClInclude Include="vhacd\inc\kdtree.h">
      <Filter>Header Files</Filter>
    </ClInclude>
    <ClInclude Include="vhacd\inc\triangle.h">
      <Filter>Header Files</Filter>
    </ClInclude>
    <ClInclude Include="vhacd\inc\vhacdGraph.h">
      <Filter>Header Files</Filter>
    </ClInclude>
    <ClInclude Include="vhacd\inc\vhacdHACD.h">
      <Filter>Header Files</Filter>
    </ClInclude>
    <ClInclude Include="vhacd\inc\vhacdMaterial.h">
      <Filter>Header Files</Filter>
    </ClInclude>
    <ClInclude Include="vhacd\inc\vhacdMesh.h">
      <Filter>Header Files</Filter>
    </ClInclude>
    <ClInclude Include="vhacd\inc\vhacdMeshDecimator.h">
      <Filter>Header Files</Filter>
    </ClInclude>
    <ClInclude Include="vhacd\inc\vhacdSArray.h">
      <Filter>Header Files</Filter>
    </ClInclude>
    <ClInclude Include="vhacd\inc\vhacdVector.h">
      <Filter>Header Files</Filter>
    </ClInclude>
    <ClInclude Include="vhacd\inc\vhacdVersion.h">
      <Filter>Header Files</Filter>
    </ClInclude>
  </ItemGroup>
  <ItemGroup>
    <None Include="hacd\inc\hacdCircularList.inl">
      <Filter>Header Files</Filter>
    </None>
    <None Include="hacd\inc\hacdVector.inl">
      <Filter>Header Files</Filter>
    </None>
    <None Include="vhacd\inc\vhacdVector.inl">
      <Filter>Header Files</Filter>
    </None>
  </ItemGroup>
  <ItemGroup>
    <Image Include="app.ico">
      <Filter>Resource Files</Filter>
    </Image>
  </ItemGroup>
  <ItemGroup>
    <ResourceCompile Include="app.rc">
      <Filter>Resource Files</Filter>
    </ResourceCompile>
  </ItemGroup>
  <ItemGroup>
    <Text Include="ReadMe.txt" />
  </ItemGroup>
</Project>